
Microsoft Visual Studio Solution File, Format Version 12.00
# Visual Studio Version 17
VisualStudioVersion = 17.9.34728.123
MinimumVisualStudioVersion = 10.0.40219.1
Project("{FAE04EC0-301F-11D3-BF4B-00C04F79EFBC}") = "doMemory", "doMemory\doMemory.csproj", "{28009832-9982-42B3-A2CC-F2F89E2A4EBB}"
EndProject
Global
	GlobalSection(SolutionConfigurationPlatforms) = preSolution
		Debug|Any CPU = Debug|Any CPU
		Release|Any CPU = Release|Any CPU
	EndGlobalSection
	GlobalSection(ProjectConfigurationPlatforms) = postSolution
		{28009832-9982-42B3-A2CC-F2F89E2A4EBB}.Debug|Any CPU.ActiveCfg = Debug|Any CPU
		{28009832-9982-42B3-A2CC-F2F89E2A4EBB}.Debug|Any CPU.Build.0 = Debug|Any CPU
		{28009832-9982-42B3-A2CC-F2F89E2A4EBB}.Release|Any CPU.ActiveCfg = Release|Any CPU
		{28009832-9982-42B3-A2CC-F2F89E2A4EBB}.Release|Any CPU.Build.0 = Release|Any CPU
	EndGlobalSection
	GlobalSection(SolutionProperties) = preSolution
		HideSolutionNode = FALSE
	EndGlobalSection
	GlobalSection(ExtensibilityGlobals) = postSolution
		SolutionGuid = {C3BA4AC7-15FD-407F-AA54-6ED57DD9A226}
	EndGlobalSection
EndGlobal
